
Microsoft Visual Studio Solution File, Format Version 12.00
# Visual Studio Version 17
VisualStudioVersion = 17.0.32014.148
MinimumVisualStudioVersion = 10.0.40219.1
Project("{FAE04EC0-301F-11D3-BF4B-00C04F79EFBC}") = "Todo.Android", "Todo\Todo.Android\Todo.Android.csproj", "{3ED03F0B-7ABF-40DB-A533-1646EBFB3738}"
EndProject
Project("{FAE04EC0-301F-11D3-BF4B-00C04F79EFBC}") = "Todo.iOS", "Todo\Todo.iOS\Todo.iOS.csproj", "{D667FA4F-7E6B-441C-B6DA-67E2CDEE1945}"
EndProject
Project("{FAE04EC0-301F-11D3-BF4B-00C04F79EFBC}") = "Todo", "Todo\Todo\Todo.csproj", "{B399BA8E-1232-4F4D-9DEA-1A3571690DF1}"
EndProject
Global
	GlobalSection(SolutionConfigurationPlatforms) = preSolution
		Debug|Any CPU = Debug|Any CPU
		Debug|iPhone = Debug|iPhone
		Debug|iPhoneSimulator = Debug|iPhoneSimulator
		Release|Any CPU = Release|Any CPU
		Release|iPhone = Release|iPhone
		Release|iPhoneSimulator = Release|iPhoneSimulator
	EndGlobalSection
	GlobalSection(ProjectConfigurationPlatforms) = postSolution
		{3ED03F0B-7ABF-40DB-A533-1646EBFB3738}.Debug|Any CPU.ActiveCfg = Debug|Any CPU
		{3ED03F0B-7ABF-40DB-A533-1646EBFB3738}.Debug|Any CPU.Build.0 = Debug|Any CPU
		{3ED03F0B-7ABF-40DB-A533-1646EBFB3738}.Debug|Any CPU.Deploy.0 = Debug|Any CPU
		{3ED03F0B-7ABF-40DB-A533-1646EBFB3738}.Debug|iPhone.ActiveCfg = Debug|Any CPU
		{3ED03F0B-7ABF-40DB-A533-1646EBFB3738}.Debug|iPhone.Build.0 = Debug|Any CPU
		{3ED03F0B-7ABF-40DB-A533-1646EBFB3738}.Debug|iPhone.Deploy.0 = Debug|Any CPU
		{3ED03F0B-7ABF-40DB-A533-1646EBFB3738}.Debug|iPhoneSimulator.ActiveCfg = Debug|Any CPU
		{3ED03F0B-7ABF-40DB-A533-1646EBFB3738}.Debug|iPhoneSimulator.Build.0 = Debug|Any CPU
		{3ED03F0B-7ABF-40DB-A533-1646EBFB3738}.Debug|iPhoneSimulator.Deploy.0 = Debug|Any CPU
		{3ED03F0B-7ABF-40DB-A533-1646EBFB3738}.Release|Any CPU.ActiveCfg = Release|Any CPU
		{3ED03F0B-7ABF-40DB-A533-1646EBFB3738}.Release|Any CPU.Build.0 = Release|Any CPU
		{3ED03F0B-7ABF-40DB-A533-1646EBFB3738}.Release|Any CPU.Deploy.0 = Release|Any CPU
		{3ED03F0B-7ABF-40DB-A533-1646EBFB3738}.Release|iPhone.ActiveCfg = Release|Any CPU
		{3ED03F0B-7ABF-40DB-A533-1646EBFB3738}.Release|iPhone.Build.0 = Release|Any CPU
		{3ED03F0B-7ABF-40DB-A533-1646EBFB3738}.Release|iPhone.Deploy.0 = Release|Any CPU
		{3ED03F0B-7ABF-40DB-A533-1646EBFB3738}.Release|iPhoneSimulator.ActiveCfg = Release|Any CPU
		{3ED03F0B-7ABF-40DB-A533-1646EBFB3738}.Release|iPhoneSimulator.Build.0 = Release|Any CPU
		{3ED03F0B-7ABF-40DB-A533-1646EBFB3738}.Release|iPhoneSimulator.Deploy.0 = Release|Any CPU
		{D667FA4F-7E6B-441C-B6DA-67E2CDEE1945}.Debug|Any CPU.ActiveCfg = Debug|iPhone
		{D667FA4F-7E6B-441C-B6DA-67E2CDEE1945}.Debug|Any CPU.Build.0 = Debug|iPhone
		{D667FA4F-7E6B-441C-B6DA-67E2CDEE1945}.Debug|Any CPU.Deploy.0 = Debug|iPhone
		{D667FA4F-7E6B-441C-B6DA-67E2CDEE1945}.Debug|iPhone.ActiveCfg = Debug|iPhone
		{D667FA4F-7E6B-441C-B6DA-67E2CDEE1945}.Debug|iPhone.Build.0 = Debug|iPhone
		{D667FA4F-7E6B-441C-B6DA-67E2CDEE1945}.Debug|iPhone.Deploy.0 = Debug|iPhone
		{D667FA4F-7E6B-441C-B6DA-67E2CDEE1945}.Debug|iPhoneSimulator.ActiveCfg = Debug|iPhoneSimulator
		{D667FA4F-7E6B-441C-B6DA-67E2CDEE1945}.Debug|iPhoneSimulator.Build.0 = Debug|iPhoneSimulator
		{D667FA4F-7E6B-441C-B6DA-67E2CDEE1945}.Debug|iPhoneSimulator.Deploy.0 = Debug|iPhoneSimulator
		{D667FA4F-7E6B-441C-B6DA-67E2CDEE1945}.Release|Any CPU.ActiveCfg = Release|iPhoneSimulator
		{D667FA4F-7E6B-441C-B6DA-67E2CDEE1945}.Release|Any CPU.Build.0 = Release|iPhoneSimulator
		{D667FA4F-7E6B-441C-B6DA-67E2CDEE1945}.Release|Any CPU.Deploy.0 = Release|iPhoneSimulator
		{D667FA4F-7E6B-441C-B6DA-67E2CDEE1945}.Release|iPhone.ActiveCfg = Release|iPhone
		{D667FA4F-7E6B-441C-B6DA-67E2CDEE1945}.Release|iPhone.Build.0 = Release|iPhone
		{D667FA4F-7E6B-441C-B6DA-67E2CDEE1945}.Release|iPhone.Deploy.0 = Release|iPhone
		{D667FA4F-7E6B-441C-B6DA-67E2CDEE1945}.Release|iPhoneSimulator.ActiveCfg = Release|iPhoneSimulator
		{D667FA4F-7E6B-441C-B6DA-67E2CDEE1945}.Release|iPhoneSimulator.Build.0 = Release|iPhoneSimulator
		{D667FA4F-7E6B-441C-B6DA-67E2CDEE1945}.Release|iPhoneSimulator.Deploy.0 = Release|iPhoneSimulator
		{B399BA8E-1232-4F4D-9DEA-1A3571690DF1}.Debug|Any CPU.ActiveCfg = Debug|Any CPU
		{B399BA8E-1232-4F4D-9DEA-1A3571690DF1}.Debug|Any CPU.Build.0 = Debug|Any CPU
		{B399BA8E-1232-4F4D-9DEA-1A3571690DF1}.Debug|Any CPU.Deploy.0 = Debug|Any CPU
		{B399BA8E-1232-4F4D-9DEA-1A3571690DF1}.Debug|iPhone.ActiveCfg = Debug|Any CPU
		{B399BA8E-1232-4F4D-9DEA-1A3571690DF1}.Debug|iPhone.Build.0 = Debug|Any CPU
		{B399BA8E-1232-4F4D-9DEA-1A3571690DF1}.Debug|iPhone.Deploy.0 = Debug|Any CPU
		{B399BA8E-1232-4F4D-9DEA-1A3571690DF1}.Debug|iPhoneSimulator.ActiveCfg = Debug|Any CPU
		{B399BA8E-1232-4F4D-9DEA-1A3571690DF1}.Debug|iPhoneSimulator.Build.0 = Debug|Any CPU
		{B399BA8E-1232-4F4D-9DEA-1A3571690DF1}.Debug|iPhoneSimulator.Deploy.0 = Debug|Any CPU
		{B399BA8E-1232-4F4D-9DEA-1A3571690DF1}.Release|Any CPU.ActiveCfg = Release|Any CPU
		{B399BA8E-1232-4F4D-9DEA-1A3571690DF1}.Release|Any CPU.Build.0 = Release|Any CPU
		{B399BA8E-1232-4F4D-9DEA-1A3571690DF1}.Release|Any CPU.Deploy.0 = Release|Any CPU
		{B399BA8E-1232-4F4D-9DEA-1A3571690DF1}.Release|iPhone.ActiveCfg = Release|Any CPU
		{B399BA8E-1232-4F4D-9DEA-1A3571690DF1}.Release|iPhone.Build.0 = Release|Any CPU
		{B399BA8E-1232-4F4D-9DEA-1A3571690DF1}.Release|iPhone.Deploy.0 = Release|Any CPU
		{B399BA8E-1232-4F4D-9DEA-1A3571690DF1}.Release|iPhoneSimulator.ActiveCfg = Release|Any CPU
		{B399BA8E-1232-4F4D-9DEA-1A3571690DF1}.Release|iPhoneSimulator.Build.0 = Release|Any CPU
		{B399BA8E-1232-4F4D-9DEA-1A3571690DF1}.Release|iPhoneSimulator.Deploy.0 = Release|Any CPU
	EndGlobalSection
	GlobalSection(SolutionProperties) = preSolution
		HideSolutionNode = FALSE
	EndGlobalSection
	GlobalSection(ExtensibilityGlobals) = postSolution
		SolutionGuid = {AE18496D-B48C-4A10-9C57-5ABAD25164BB}
	EndGlobalSection
EndGlobal
